
Microsoft Visual Studio Solution File, Format Version 12.00
# Visual Studio 2012
Project("{FAE04EC0-301F-11D3-BF4B-00C04F79EFBC}") = "Pattern_Adapter", "Pattern_Adapter.csproj", "{A9A1E45E-FB5B-422F-8831-5B1053974EB3}"
EndProject
Global
	GlobalSection(SolutionConfigurationPlatforms) = preSolution
		Debug|Any CPU = Debug|Any CPU
		Release|Any CPU = Release|Any CPU
	EndGlobalSection
	GlobalSection(ProjectConfigurationPlatforms) = postSolution
		{A9A1E45E-FB5B-422F-8831-5B1053974EB3}.Debug|Any CPU.ActiveCfg = Debug|Any CPU
		{A9A1E45E-FB5B-422F-8831-5B1053974EB3}.Debug|Any CPU.Build.0 = Debug|Any CPU
		{A9A1E45E-FB5B-422F-8831-5B1053974EB3}.Release|Any CPU.ActiveCfg = Release|Any CPU
		{A9A1E45E-FB5B-422F-8831-5B1053974EB3}.Release|Any CPU.Build.0 = Release|Any CPU
	EndGlobalSection
	GlobalSection(SolutionProperties) = preSolution
		HideSolutionNode = FALSE
	EndGlobalSection
EndGlobal
